
Microsoft Visual Studio Solution File, Format Version 12.00
# Visual Studio Version 17
VisualStudioVersion = 17.9.34728.123
MinimumVisualStudioVersion = 10.0.40219.1
Project("{9A19103F-16F7-4668-BE54-9A1E7A4F7556}") = "DotNetTrainingBatch4.ConsoleApp", "DotNetTrainingBatch4.ConsoleApp\DotNetTrainingBatch4.ConsoleApp.csproj", "{091DB687-9252-439E-9711-93BACE348E07}"
EndProject
Project("{2150E333-8FDC-42A3-9474-1A3956D46DE8}") = "Documents", "Documents", "{5A0E0181-7417-4862-94C2-EFCEE2FE98C2}"
	ProjectSection(SolutionItems) = preProject
		README.md = README.md
	EndProjectSection
EndProject
Global
	GlobalSection(SolutionConfigurationPlatforms) = preSolution
		Debug|Any CPU = Debug|Any CPU
		Release|Any CPU = Release|Any CPU
	EndGlobalSection
	GlobalSection(ProjectConfigurationPlatforms) = postSolution
		{091DB687-9252-439E-9711-93BACE348E07}.Debug|Any CPU.ActiveCfg = Debug|Any CPU
		{091DB687-9252-439E-9711-93BACE348E07}.Debug|Any CPU.Build.0 = Debug|Any CPU
		{091DB687-9252-439E-9711-93BACE348E07}.Release|Any CPU.ActiveCfg = Release|Any CPU
		{091DB687-9252-439E-9711-93BACE348E07}.Release|Any CPU.Build.0 = Release|Any CPU
	EndGlobalSection
	GlobalSection(SolutionProperties) = preSolution
		HideSolutionNode = FALSE
	EndGlobalSection
	GlobalSection(ExtensibilityGlobals) = postSolution
		SolutionGuid = {BDB291CD-7C7E-4E64-9762-9EA4310CAD20}
	EndGlobalSection
EndGlobal
