
Microsoft Visual Studio Solution File, Format Version 12.00
# Visual Studio Version 17
VisualStudioVersion = 17.9.34728.123
MinimumVisualStudioVersion = 10.0.40219.1
Project("{FAE04EC0-301F-11D3-BF4B-00C04F79EFBC}") = "DotNetTrainingBatch4.ConsoleApp", "DotNetTrainingBatch4.ConsoleApp\DotNetTrainingBatch4.ConsoleApp.csproj", "{091DB687-9252-439E-9711-93BACE348E07}"
EndProject
Global
	GlobalSection(SolutionConfigurationPlatforms) = preSolution
		Debug|Any CPU = Debug|Any CPU
		Release|Any CPU = Release|Any CPU
	EndGlobalSection
	GlobalSection(ProjectConfigurationPlatforms) = postSolution
		{091DB687-9252-439E-9711-93BACE348E07}.Debug|Any CPU.ActiveCfg = Debug|Any CPU
		{091DB687-9252-439E-9711-93BACE348E07}.Debug|Any CPU.Build.0 = Debug|Any CPU
		{091DB687-9252-439E-9711-93BACE348E07}.Release|Any CPU.ActiveCfg = Release|Any CPU
		{091DB687-9252-439E-9711-93BACE348E07}.Release|Any CPU.Build.0 = Release|Any CPU
	EndGlobalSection
	GlobalSection(SolutionProperties) = preSolution
		HideSolutionNode = FALSE
	EndGlobalSection
	GlobalSection(ExtensibilityGlobals) = postSolution
		SolutionGuid = {BDB291CD-7C7E-4E64-9762-9EA4310CAD20}
	EndGlobalSection
EndGlobal
